// !$*UTF8*$!
{
	archiveVersion = 1;
	classes = {
	};
	objectVersion = 50;
	objects = {

/* Begin PBXBuildFile section */
		5E58A442244F144A00F1C43C /* ZoomMeetingService.swift in Sources */ = {isa = PBXBuildFile; fileRef = 5E58A441244F144A00F1C43C /* ZoomMeetingService.swift */; };
		5EA0E3CB244D3EAB0065DD47 /* AppDelegate.swift in Sources */ = {isa = PBXBuildFile; fileRef = 5EA0E3CA244D3EAB0065DD47 /* AppDelegate.swift */; };
		5EA0E3CF244D3EAB0065DD47 /* ViewController.swift in Sources */ = {isa = PBXBuildFile; fileRef = 5EA0E3CE244D3EAB0065DD47 /* ViewController.swift */; };
		5EA0E3D2244D3EAB0065DD47 /* Main.storyboard in Resources */ = {isa = PBXBuildFile; fileRef = 5EA0E3D0244D3EAB0065DD47 /* Main.storyboard */; };
		5EA0E3D4244D3EAF0065DD47 /* Assets.xcassets in Resources */ = {isa = PBXBuildFile; fileRef = 5EA0E3D3244D3EAF0065DD47 /* Assets.xcassets */; };
		5EA0E3D7244D3EAF0065DD47 /* LaunchScreen.storyboard in Resources */ = {isa = PBXBuildFile; fileRef = 5EA0E3D5244D3EAF0065DD47 /* LaunchScreen.storyboard */; };
		5EAF0C7F244D774600DD9AF3 /* MobileRTCResources.bundle in Resources */ = {isa = PBXBuildFile; fileRef = 5EAF0C7D244D774600DD9AF3 /* MobileRTCResources.bundle */; };
		5EAF0C86244DAA9800DD9AF3 /* MobileRTC.framework in Frameworks */ = {isa = PBXBuildFile; fileRef = 5EAF0C7C244D774200DD9AF3 /* MobileRTC.framework */; };
		5EAF0C87244DAA9800DD9AF3 /* MobileRTC.framework in Embed Frameworks */ = {isa = PBXBuildFile; fileRef = 5EAF0C7C244D774200DD9AF3 /* MobileRTC.framework */; settings = {ATTRIBUTES = (CodeSignOnCopy, RemoveHeadersOnCopy, ); }; };
/* End PBXBuildFile section */

/* Begin PBXCopyFilesBuildPhase section */
		5EAF0C88244DAA9800DD9AF3 /* Embed Frameworks */ = {
			isa = PBXCopyFilesBuildPhase;
			buildActionMask = 2147483647;
			dstPath = "";
			dstSubfolderSpec = 10;
			files = (
				5EAF0C87244DAA9800DD9AF3 /* MobileRTC.framework in Embed Frameworks */,
			);
			name = "Embed Frameworks";
			runOnlyForDeploymentPostprocessing = 0;
		};
/* End PBXCopyFilesBuildPhase section */

/* Begin PBXFileReference section */
		5E58A441244F144A00F1C43C /* ZoomMeetingService.swift */ = {isa = PBXFileReference; fileEncoding = 4; lastKnownFileType = sourcecode.swift; path = ZoomMeetingService.swift; sourceTree = "<group>"; };
		5EA0E3C7244D3EAB0065DD47 /* ZoomIntegrationSample.app */ = {isa = PBXFileReference; explicitFileType = wrapper.application; includeInIndex = 0; path = ZoomIntegrationSample.app; sourceTree = BUILT_PRODUCTS_DIR; };
		5EA0E3CA244D3EAB0065DD47 /* AppDelegate.swift */ = {isa = PBXFileReference; lastKnownFileType = sourcecode.swift; path = AppDelegate.swift; sourceTree = "<group>"; };
		5EA0E3CE244D3EAB0065DD47 /* ViewController.swift */ = {isa = PBXFileReference; lastKnownFileType = sourcecode.swift; path = ViewController.swift; sourceTree = "<group>"; };
		5EA0E3D1244D3EAB0065DD47 /* Base */ = {isa = PBXFileReference; lastKnownFileType = file.storyboard; name = Base; path = Base.lproj/Main.storyboard; sourceTree = "<group>"; };
		5EA0E3D3244D3EAF0065DD47 /* Assets.xcassets */ = {isa = PBXFileReference; lastKnownFileType = folder.assetcatalog; path = Assets.xcassets; sourceTree = "<group>"; };
		5EA0E3D6244D3EAF0065DD47 /* Base */ = {isa = PBXFileReference; lastKnownFileType = file.storyboard; name = Base; path = Base.lproj/LaunchScreen.storyboard; sourceTree = "<group>"; };
		5EA0E3D8244D3EAF0065DD47 /* Info.plist */ = {isa = PBXFileReference; lastKnownFileType = text.plist.xml; path = Info.plist; sourceTree = "<group>"; };
		5EAF0C78244D76A600DD9AF3 /* ZoomIntegrationSample-Bridging-Header.h */ = {isa = PBXFileReference; lastKnownFileType = sourcecode.c.h; path = "ZoomIntegrationSample-Bridging-Header.h"; sourceTree = "<group>"; };
		5EAF0C7C244D774200DD9AF3 /* MobileRTC.framework */ = {isa = PBXFileReference; lastKnownFileType = wrapper.framework; path = MobileRTC.framework; sourceTree = "<group>"; };
		5EAF0C7D244D774600DD9AF3 /* MobileRTCResources.bundle */ = {isa = PBXFileReference; lastKnownFileType = "wrapper.plug-in"; path = MobileRTCResources.bundle; sourceTree = "<group>"; };
/* End PBXFileReference section */

/* Begin PBXFrameworksBuildPhase section */
		5EA0E3C4244D3EAB0065DD47 /* Frameworks */ = {
			isa = PBXFrameworksBuildPhase;
			buildActionMask = 2147483647;
			files = (
				5EAF0C86244DAA9800DD9AF3 /* MobileRTC.framework in Frameworks */,
			);
			runOnlyForDeploymentPostprocessing = 0;
		};
/* End PBXFrameworksBuildPhase section */

/* Begin PBXGroup section */
		5EA0E3BE244D3EAB0065DD47 = {
			isa = PBXGroup;
			children = (
				5EA0E3C9244D3EAB0065DD47 /* ZoomIntegrationSample */,
				5EA0E3C8244D3EAB0065DD47 /* Products */,
			);
			sourceTree = "<group>";
		};
		5EA0E3C8244D3EAB0065DD47 /* Products */ = {
			isa = PBXGroup;
			children = (
				5EA0E3C7244D3EAB0065DD47 /* ZoomIntegrationSample.app */,
			);
			name = Products;
			sourceTree = "<group>";
		};
		5EA0E3C9244D3EAB0065DD47 /* ZoomIntegrationSample */ = {
			isa = PBXGroup;
			children = (
				5E58A441244F144A00F1C43C /* ZoomMeetingService.swift */,
				5EAF0C7C244D774200DD9AF3 /* MobileRTC.framework */,
				5EAF0C7D244D774600DD9AF3 /* MobileRTCResources.bundle */,
				5EA0E3CA244D3EAB0065DD47 /* AppDelegate.swift */,
				5EA0E3CE244D3EAB0065DD47 /* ViewController.swift */,
				5EA0E3D0244D3EAB0065DD47 /* Main.storyboard */,
				5EA0E3D3244D3EAF0065DD47 /* Assets.xcassets */,
				5EA0E3D5244D3EAF0065DD47 /* LaunchScreen.storyboard */,
				5EA0E3D8244D3EAF0065DD47 /* Info.plist */,
				5EAF0C78244D76A600DD9AF3 /* ZoomIntegrationSample-Bridging-Header.h */,
			);
			path = ZoomIntegrationSample;
			sourceTree = "<group>";
		};
/* End PBXGroup section */

/* Begin PBXNativeTarget section */
		5EA0E3C6244D3EAB0065DD47 /* ZoomIntegrationSample */ = {
			isa = PBXNativeTarget;
			buildConfigurationList = 5EA0E3DB244D3EAF0065DD47 /* Build configuration list for PBXNativeTarget "ZoomIntegrationSample" */;
			buildPhases = (
				5EA0E3C3244D3EAB0065DD47 /* Sources */,
				5EA0E3C4244D3EAB0065DD47 /* Frameworks */,
				5EA0E3C5244D3EAB0065DD47 /* Resources */,
				5EAF0C88244DAA9800DD9AF3 /* Embed Frameworks */,
			);
			buildRules = (
			);
			dependencies = (
			);
			name = ZoomIntegrationSample;
			productName = ZoomIntegrationSample;
			productReference = 5EA0E3C7244D3EAB0065DD47 /* ZoomIntegrationSample.app */;
			productType = "com.apple.product-type.application";
		};
/* End PBXNativeTarget section */

/* Begin PBXProject section */
		5EA0E3BF244D3EAB0065DD47 /* Project object */ = {
			isa = PBXProject;
			attributes = {
				LastSwiftUpdateCheck = 1130;
				LastUpgradeCheck = 1130;
				ORGANIZATIONNAME = Sreejith;
				TargetAttributes = {
					5EA0E3C6244D3EAB0065DD47 = {
						CreatedOnToolsVersion = 11.3.1;
						LastSwiftMigration = 1130;
					};
				};
			};
			buildConfigurationList = 5EA0E3C2244D3EAB0065DD47 /* Build configuration list for PBXProject "ZoomIntegrationSample" */;
			compatibilityVersion = "Xcode 9.3";
			developmentRegion = en;
			hasScannedForEncodings = 0;
			knownRegions = (
				en,
				Base,
			);
			mainGroup = 5EA0E3BE244D3EAB0065DD47;
			productRefGroup = 5EA0E3C8244D3EAB0065DD47 /* Products */;
			projectDirPath = "";
			projectRoot = "";
			targets = (
				5EA0E3C6244D3EAB0065DD47 /* ZoomIntegrationSample */,
			);
		};
/* End PBXProject section */

/* Begin PBXResourcesBuildPhase section */
		5EA0E3C5244D3EAB0065DD47 /* Resources */ = {
			isa = PBXResourcesBuildPhase;
			buildActionMask = 2147483647;
			files = (
				5EA0E3D7244D3EAF0065DD47 /* LaunchScreen.storyboard in Resources */,
				5EAF0C7F244D774600DD9AF3 /* MobileRTCResources.bundle in Resources */,
				5EA0E3D4244D3EAF0065DD47 /* Assets.xcassets in Resources */,
				5EA0E3D2244D3EAB0065DD47 /* Main.storyboard in Resources */,
			);
			runOnlyForDeploymentPostprocessing = 0;
		};
/* End PBXResourcesBuildPhase section */

/* Begin PBXSourcesBuildPhase section */
		5EA0E3C3244D3EAB0065DD47 /* Sources */ = {
			isa = PBXSourcesBuildPhase;
			buildActionMask = 2147483647;
			files = (
				5EA0E3CF244D3EAB0065DD47 /* ViewController.swift in Sources */,
				5E58A442244F144A00F1C43C /* ZoomMeetingService.swift in Sources */,
				5EA0E3CB244D3EAB0065DD47 /* AppDelegate.swift in Sources */,
			);
			runOnlyForDeploymentPostprocessing = 0;
		};
/* End PBXSourcesBuildPhase section */

/* Begin PBXVariantGroup section */
		5EA0E3D0244D3EAB0065DD47 /* Main.storyboard */ = {
			isa = PBXVariantGroup;
			children = (
				5EA0E3D1244D3EAB0065DD47 /* Base */,
			);
			name = Main.storyboard;
			sourceTree = "<group>";
		};
		5EA0E3D5244D3EAF0065DD47 /* LaunchScreen.storyboard */ = {
			isa = PBXVariantGroup;
			children = (
				5EA0E3D6244D3EAF0065DD47 /* Base */,
			);
			name = LaunchScreen.storyboard;
			sourceTree = "<group>";
		};
/* End PBXVariantGroup section */

/* Begin XCBuildConfiguration section */
		5EA0E3D9244D3EAF0065DD47 /* Debug */ = {
			isa = XCBuildConfiguration;
			buildSettings = {
				ALWAYS_SEARCH_USER_PATHS = NO;
				CLANG_ANALYZER_NONNULL = YES;
				CLANG_ANALYZER_NUMBER_OBJECT_CONVERSION = YES_AGGRESSIVE;
				CLANG_CXX_LANGUAGE_STANDARD = "gnu++14";
				CLANG_CXX_LIBRARY = "libc++";
				CLANG_ENABLE_MODULES = YES;
				CLANG_ENABLE_OBJC_ARC = YES;
				CLANG_ENABLE_OBJC_WEAK = YES;
				CLANG_WARN_BLOCK_CAPTURE_AUTORELEASING = YES;
				CLANG_WARN_BOOL_CONVERSION = YES;
				CLANG_WARN_COMMA = YES;
				CLANG_WARN_CONSTANT_CONVERSION = YES;
				CLANG_WARN_DEPRECATED_OBJC_IMPLEMENTATIONS = YES;
				CLANG_WARN_DIRECT_OBJC_ISA_USAGE = YES_ERROR;
				CLANG_WARN_DOCUMENTATION_COMMENTS = YES;
				CLANG_WARN_EMPTY_BODY = YES;
				CLANG_WARN_ENUM_CONVERSION = YES;
				CLANG_WARN_INFINITE_RECURSION = YES;
				CLANG_WARN_INT_CONVERSION = YES;
				CLANG_WARN_NON_LITERAL_NULL_CONVERSION = YES;
				CLANG_WARN_OBJC_IMPLICIT_RETAIN_SELF = YES;
				CLANG_WARN_OBJC_LITERAL_CONVERSION = YES;
				CLANG_WARN_OBJC_ROOT_CLASS = YES_ERROR;
				CLANG_WARN_RANGE_LOOP_ANALYSIS = YES;
				CLANG_WARN_STRICT_PROTOTYPES = YES;
				CLANG_WARN_SUSPICIOUS_MOVE = YES;
				CLANG_WARN_UNGUARDED_AVAILABILITY = YES_AGGRESSIVE;
				CLANG_WARN_UNREACHABLE_CODE = YES;
				CLANG_WARN__DUPLICATE_METHOD_MATCH = YES;
				COPY_PHASE_STRIP = NO;
				DEBUG_INFORMATION_FORMAT = dwarf;
				ENABLE_STRICT_OBJC_MSGSEND = YES;
				ENABLE_TESTABILITY = YES;
				GCC_C_LANGUAGE_STANDARD = gnu11;
				GCC_DYNAMIC_NO_PIC = NO;
				GCC_NO_COMMON_BLOCKS = YES;
				GCC_OPTIMIZATION_LEVEL = 0;
				GCC_PREPROCESSOR_DEFINITIONS = (
					"DEBUG=1",
					"$(inherited)",
				);
				GCC_WARN_64_TO_32_BIT_CONVERSION = YES;
				GCC_WARN_ABOUT_RETURN_TYPE = YES_ERROR;
				GCC_WARN_UNDECLARED_SELECTOR = YES;
				GCC_WARN_UNINITIALIZED_AUTOS = YES_AGGRESSIVE;
				GCC_WARN_UNUSED_FUNCTION = YES;
				GCC_WARN_UNUSED_VARIABLE = YES;
				IPHONEOS_DEPLOYMENT_TARGET = 13.2;
				MTL_ENABLE_DEBUG_INFO = INCLUDE_SOURCE;
				MTL_FAST_MATH = YES;
				ONLY_ACTIVE_ARCH = YES;
				SDKROOT = iphoneos;
				SWIFT_ACTIVE_COMPILATION_CONDITIONS = DEBUG;
				SWIFT_OPTIMIZATION_LEVEL = "-Onone";
			};
			name = Debug;
		};
		5EA0E3DA244D3EAF0065DD47 /* Release */ = {
			isa = XCBuildConfiguration;
			buildSettings = {
				ALWAYS_SEARCH_USER_PATHS = NO;
				CLANG_ANALYZER_NONNULL = YES;
				CLANG_ANALYZER_NUMBER_OBJECT_CONVERSION = YES_AGGRESSIVE;
				CLANG_CXX_LANGUAGE_STANDARD = "gnu++14";
				CLANG_CXX_LIBRARY = "libc++";
				CLANG_ENABLE_MODULES = YES;
				CLANG_ENABLE_OBJC_ARC = YES;
				CLANG_ENABLE_OBJC_WEAK = YES;
				CLANG_WARN_BLOCK_CAPTURE_AUTORELEASING = YES;
				CLANG_WARN_BOOL_CONVERSION = YES;
				CLANG_WARN_COMMA = YES;
				CLANG_WARN_CONSTANT_CONVERSION = YES;
				CLANG_WARN_DEPRECATED_OBJC_IMPLEMENTATIONS = YES;
				CLANG_WARN_DIRECT_OBJC_ISA_USAGE = YES_ERROR;
				CLANG_WARN_DOCUMENTATION_COMMENTS = YES;
				CLANG_WARN_EMPTY_BODY = YES;
				CLANG_WARN_ENUM_CONVERSION = YES;
				CLANG_WARN_INFINITE_RECURSION = YES;
				CLANG_WARN_INT_CONVERSION = YES;
				CLANG_WARN_NON_LITERAL_NULL_CONVERSION = YES;
				CLANG_WARN_OBJC_IMPLICIT_RETAIN_SELF = YES;
				CLANG_WARN_OBJC_LITERAL_CONVERSION = YES;
				CLANG_WARN_OBJC_ROOT_CLASS = YES_ERROR;
				CLANG_WARN_RANGE_LOOP_ANALYSIS = YES;
				CLANG_WARN_STRICT_PROTOTYPES = YES;
				CLANG_WARN_SUSPICIOUS_MOVE = YES;
				CLANG_WARN_UNGUARDED_AVAILABILITY = YES_AGGRESSIVE;
				CLANG_WARN_UNREACHABLE_CODE = YES;
				CLANG_WARN__DUPLICATE_METHOD_MATCH = YES;
				COPY_PHASE_STRIP = NO;
				DEBUG_INFORMATION_FORMAT = "dwarf-with-dsym";
				ENABLE_NS_ASSERTIONS = NO;
				ENABLE_STRICT_OBJC_MSGSEND = YES;
				GCC_C_LANGUAGE_STANDARD = gnu11;
				GCC_NO_COMMON_BLOCKS = YES;
				GCC_WARN_64_TO_32_BIT_CONVERSION = YES;
				GCC_WARN_ABOUT_RETURN_TYPE = YES_ERROR;
				GCC_WARN_UNDECLARED_SELECTOR = YES;
				GCC_WARN_UNINITIALIZED_AUTOS = YES_AGGRESSIVE;
				GCC_WARN_UNUSED_FUNCTION = YES;
				GCC_WARN_UNUSED_VARIABLE = YES;
				IPHONEOS_DEPLOYMENT_TARGET = 13.2;
				MTL_ENABLE_DEBUG_INFO = NO;
				MTL_FAST_MATH = YES;
				SDKROOT = iphoneos;
				SWIFT_COMPILATION_MODE = wholemodule;
				SWIFT_OPTIMIZATION_LEVEL = "-O";
				VALIDATE_PRODUCT = YES;
			};
			name = Release;
		};
		5EA0E3DC244D3EAF0065DD47 /* Debug */ = {
			isa = XCBuildConfiguration;
			buildSettings = {
				ASSETCATALOG_COMPILER_APPICON_NAME = AppIcon;
				CLANG_ENABLE_MODULES = YES;
				CODE_SIGN_STYLE = Automatic;
				DEVELOPMENT_TEAM = 7P6M674M4R;
				ENABLE_BITCODE = NO;
				FRAMEWORK_SEARCH_PATHS = (
					"$(inherited)",
					"$(PROJECT_DIR)/ZoomIntegrationSample",
				);
				INFOPLIST_FILE = ZoomIntegrationSample/Info.plist;
				IPHONEOS_DEPLOYMENT_TARGET = 10.0;
				LD_RUNPATH_SEARCH_PATHS = (
					"$(inherited)",
					"@executable_path/Frameworks",
				);
				PRODUCT_BUNDLE_IDENTIFIER = q5.ZoomIntegrationSample;
				PRODUCT_NAME = "$(TARGET_NAME)";
				SWIFT_OBJC_BRIDGING_HEADER = "ZoomIntegrationSample/ZoomIntegrationSample-Bridging-Header.h";
				SWIFT_OPTIMIZATION_LEVEL = "-Onone";
				SWIFT_VERSION = 5.0;
				TARGETED_DEVICE_FAMILY = 1;
				USER_HEADER_SEARCH_PATHS = "${PROJECT_DIR}/";
			};
			name = Debug;
		};
		5EA0E3DD244D3EAF0065DD47 /* Release */ = {
			isa = XCBuildConfiguration;
			buildSettings = {
				ASSETCATALOG_COMPILER_APPICON_NAME = AppIcon;
				CLANG_ENABLE_MODULES = YES;
				CODE_SIGN_STYLE = Automatic;
				DEVELOPMENT_TEAM = 7P6M674M4R;
				ENABLE_BITCODE = NO;
				FRAMEWORK_SEARCH_PATHS = (
					"$(inherited)",
					"$(PROJECT_DIR)/ZoomIntegrationSample",
				);
				INFOPLIST_FILE = ZoomIntegrationSample/Info.plist;
				IPHONEOS_DEPLOYMENT_TARGET = 10.0;
				LD_RUNPATH_SEARCH_PATHS = (
					"$(inherited)",
					"@executable_path/Frameworks",
				);
				PRODUCT_BUNDLE_IDENTIFIER = q5.ZoomIntegrationSample;
				PRODUCT_NAME = "$(TARGET_NAME)";
				SWIFT_OBJC_BRIDGING_HEADER = "ZoomIntegrationSample/ZoomIntegrationSample-Bridging-Header.h";
				SWIFT_VERSION = 5.0;
				TARGETED_DEVICE_FAMILY = 1;
				USER_HEADER_SEARCH_PATHS = "${PROJECT_DIR}/";
			};
			name = Release;
		};
/* End XCBuildConfiguration section */

/* Begin XCConfigurationList section */
		5EA0E3C2244D3EAB0065DD47 /* Build configuration list for PBXProject "ZoomIntegrationSample" */ = {
			isa = XCConfigurationList;
			buildConfigurations = (
				5EA0E3D9244D3EAF0065DD47 /* Debug */,
				5EA0E3DA244D3EAF0065DD47 /* Release */,
			);
			defaultConfigurationIsVisible = 0;
			defaultConfigurationName = Release;
		};
		5EA0E3DB244D3EAF0065DD47 /* Build configuration list for PBXNativeTarget "ZoomIntegrationSample" */ = {
			isa = XCConfigurationList;
			buildConfigurations = (
				5EA0E3DC244D3EAF0065DD47 /* Debug */,
				5EA0E3DD244D3EAF0065DD47 /* Release */,
			);
			defaultConfigurationIsVisible = 0;
			defaultConfigurationName = Release;
		};
/* End XCConfigurationList section */
	};
	rootObject = 5EA0E3BF244D3EAB0065DD47 /* Project object */;
}
